// !$*UTF8*$!
{
	archiveVersion = 1;
	classes = {
	};
	objectVersion = 46;
	objects = {

/* Begin PBXBuildFile section */
		0062A8571888DE8E00677D7C /* Foundation.framework in Frameworks */ = {isa = PBXBuildFile; fileRef = 0062A8561888DE8E00677D7C /* Foundation.framework */; };
		0062A8591888DE8E00677D7C /* CoreGraphics.framework in Frameworks */ = {isa = PBXBuildFile; fileRef = 0062A8581888DE8E00677D7C /* CoreGraphics.framework */; };
		0062A85B1888DE8E00677D7C /* UIKit.framework in Frameworks */ = {isa = PBXBuildFile; fileRef = 0062A85A1888DE8E00677D7C /* UIKit.framework */; };
		0062A8611888DE8E00677D7C /* InfoPlist.strings in Resources */ = {isa = PBXBuildFile; fileRef = 0062A85F1888DE8E00677D7C /* InfoPlist.strings */; };
		0062A8631888DE8E00677D7C /* main.m in Sources */ = {isa = PBXBuildFile; fileRef = 0062A8621888DE8E00677D7C /* main.m */; };
		0062A8671888DE8E00677D7C /* AppDelegate.m in Sources */ = {isa = PBXBuildFile; fileRef = 0062A8661888DE8E00677D7C /* AppDelegate.m */; };
		0062A86A1888DE8E00677D7C /* Main.storyboard in Resources */ = {isa = PBXBuildFile; fileRef = 0062A8681888DE8E00677D7C /* Main.storyboard */; };
		0062A86D1888DE8E00677D7C /* ViewController.m in Sources */ = {isa = PBXBuildFile; fileRef = 0062A86C1888DE8E00677D7C /* ViewController.m */; };
		0062A86F1888DE8E00677D7C /* Images.xcassets in Resources */ = {isa = PBXBuildFile; fileRef = 0062A86E1888DE8E00677D7C /* Images.xcassets */; };
		0062A8761888DE8E00677D7C /* XCTest.framework in Frameworks */ = {isa = PBXBuildFile; fileRef = 0062A8751888DE8E00677D7C /* XCTest.framework */; };
		0062A8771888DE8E00677D7C /* Foundation.framework in Frameworks */ = {isa = PBXBuildFile; fileRef = 0062A8561888DE8E00677D7C /* Foundation.framework */; };
		0062A8781888DE8E00677D7C /* UIKit.framework in Frameworks */ = {isa = PBXBuildFile; fileRef = 0062A85A1888DE8E00677D7C /* UIKit.framework */; };
		0062A8801888DE8E00677D7C /* InfoPlist.strings in Resources */ = {isa = PBXBuildFile; fileRef = 0062A87E1888DE8E00677D7C /* InfoPlist.strings */; };
		0062A8821888DE8E00677D7C /* TMapMarkerTests.m in Sources */ = {isa = PBXBuildFile; fileRef = 0062A8811888DE8E00677D7C /* TMapMarkerTests.m */; };
		0062A8E91888DF0900677D7C /* desktop.ini in Resources */ = {isa = PBXBuildFile; fileRef = 0062A8C31888DF0900677D7C /* desktop.ini */; };
		0062A8EA1888DF0900677D7C /* desktop.ini in Resources */ = {isa = PBXBuildFile; fileRef = 0062A8C61888DF0900677D7C /* desktop.ini */; };
		0062A8EB1888DF0900677D7C /* desktop.ini in Resources */ = {isa = PBXBuildFile; fileRef = 0062A8DB1888DF0900677D7C /* desktop.ini */; };
		0062A8EC1888DF0900677D7C /* HeadingAngleSmall.png in Resources */ = {isa = PBXBuildFile; fileRef = 0062A8DC1888DF0900677D7C /* HeadingAngleSmall.png */; };
		0062A8ED1888DF0900677D7C /* HeadingAngleSmall@2x.png in Resources */ = {isa = PBXBuildFile; fileRef = 0062A8DD1888DF0900677D7C /* HeadingAngleSmall@2x.png */; };
		0062A8EE1888DF0900677D7C /* icon_clustering.png in Resources */ = {isa = PBXBuildFile; fileRef = 0062A8DE1888DF0900677D7C /* icon_clustering.png */; };
		0062A8EF1888DF0900677D7C /* icon_clustering@2x.png in Resources */ = {isa = PBXBuildFile; fileRef = 0062A8DF1888DF0900677D7C /* icon_clustering@2x.png */; };
		0062A8F01888DF0900677D7C /* mapbg_tlogo.png in Resources */ = {isa = PBXBuildFile; fileRef = 0062A8E01888DF0900677D7C /* mapbg_tlogo.png */; };
		0062A8F11888DF0900677D7C /* mapbg_tlogo@2x.png in Resources */ = {isa = PBXBuildFile; fileRef = 0062A8E11888DF0900677D7C /* mapbg_tlogo@2x.png */; };
		0062A8F21888DF0900677D7C /* poweredby.png in Resources */ = {isa = PBXBuildFile; fileRef = 0062A8E21888DF0900677D7C /* poweredby.png */; };
		0062A8F31888DF0900677D7C /* poweredby@2x.png in Resources */ = {isa = PBXBuildFile; fileRef = 0062A8E31888DF0900677D7C /* poweredby@2x.png */; };
		0062A8F41888DF0900677D7C /* TrackingDot.png in Resources */ = {isa = PBXBuildFile; fileRef = 0062A8E41888DF0900677D7C /* TrackingDot.png */; };
		0062A8F51888DF0900677D7C /* TrackingDot@2x.png in Resources */ = {isa = PBXBuildFile; fileRef = 0062A8E51888DF0900677D7C /* TrackingDot@2x.png */; };
		0062A8F61888DF0900677D7C /* TrackingDotHalo.png in Resources */ = {isa = PBXBuildFile; fileRef = 0062A8E61888DF0900677D7C /* TrackingDotHalo.png */; };
		0062A8F71888DF0900677D7C /* TrackingDotHalo@2x.png in Resources */ = {isa = PBXBuildFile; fileRef = 0062A8E71888DF0900677D7C /* TrackingDotHalo@2x.png */; };
		0062A8F81888DF0900677D7C /* libskpMap_OP-iOS7.0.a in Frameworks */ = {isa = PBXBuildFile; fileRef = 0062A8E81888DF0900677D7C /* libskpMap_OP-iOS7.0.a */; };
		0062A8FB1888E15100677D7C /* DetailViewController.m in Sources */ = {isa = PBXBuildFile; fileRef = 0062A8FA1888E15100677D7C /* DetailViewController.m */; };
		0062A8FD1888E25A00677D7C /* CoreLocation.framework in Frameworks */ = {isa = PBXBuildFile; fileRef = 0062A8FC1888E25A00677D7C /* CoreLocation.framework */; };
		0062A8FF1888E26300677D7C /* QuartzCore.framework in Frameworks */ = {isa = PBXBuildFile; fileRef = 0062A8FE1888E26300677D7C /* QuartzCore.framework */; };
		0062A9021888E53D00677D7C /* point.png in Resources */ = {isa = PBXBuildFile; fileRef = 0062A9001888E53D00677D7C /* point.png */; };
		0062A9031888E53D00677D7C /* right.png in Resources */ = {isa = PBXBuildFile; fileRef = 0062A9011888E53D00677D7C /* right.png */; };
/* End PBXBuildFile section */

/* Begin PBXContainerItemProxy section */
		0062A8791888DE8E00677D7C /* PBXContainerItemProxy */ = {
			isa = PBXContainerItemProxy;
			containerPortal = 0062A84B1888DE8E00677D7C /* Project object */;
			proxyType = 1;
			remoteGlobalIDString = 0062A8521888DE8E00677D7C;
			remoteInfo = TMapMarker;
		};
/* End PBXContainerItemProxy section */

/* Begin PBXFileReference section */
		0062A8531888DE8E00677D7C /* TMapMarker.app */ = {isa = PBXFileReference; explicitFileType = wrapper.application; includeInIndex = 0; path = TMapMarker.app; sourceTree = BUILT_PRODUCTS_DIR; };
		0062A8561888DE8E00677D7C /* Foundation.framework */ = {isa = PBXFileReference; lastKnownFileType = wrapper.framework; name = Foundation.framework; path = System/Library/Frameworks/Foundation.framework; sourceTree = SDKROOT; };
		0062A8581888DE8E00677D7C /* CoreGraphics.framework */ = {isa = PBXFileReference; lastKnownFileType = wrapper.framework; name = CoreGraphics.framework; path = System/Library/Frameworks/CoreGraphics.framework; sourceTree = SDKROOT; };
		0062A85A1888DE8E00677D7C /* UIKit.framework */ = {isa = PBXFileReference; lastKnownFileType = wrapper.framework; name = UIKit.framework; path = System/Library/Frameworks/UIKit.framework; sourceTree = SDKROOT; };
		0062A85E1888DE8E00677D7C /* TMapMarker-Info.plist */ = {isa = PBXFileReference; lastKnownFileType = text.plist.xml; path = "TMapMarker-Info.plist"; sourceTree = "<group>"; };
		0062A8601888DE8E00677D7C /* en */ = {isa = PBXFileReference; lastKnownFileType = text.plist.strings; name = en; path = en.lproj/InfoPlist.strings; sourceTree = "<group>"; };
		0062A8621888DE8E00677D7C /* main.m */ = {isa = PBXFileReference; lastKnownFileType = sourcecode.c.objc; path = main.m; sourceTree = "<group>"; };
		0062A8641888DE8E00677D7C /* TMapMarker-Prefix.pch */ = {isa = PBXFileReference; lastKnownFileType = sourcecode.c.h; path = "TMapMarker-Prefix.pch"; sourceTree = "<group>"; };
		0062A8651888DE8E00677D7C /* AppDelegate.h */ = {isa = PBXFileReference; lastKnownFileType = sourcecode.c.h; path = AppDelegate.h; sourceTree = "<group>"; };
		0062A8661888DE8E00677D7C /* AppDelegate.m */ = {isa = PBXFileReference; lastKnownFileType = sourcecode.c.objc; path = AppDelegate.m; sourceTree = "<group>"; };
		0062A8691888DE8E00677D7C /* Base */ = {isa = PBXFileReference; lastKnownFileType = file.storyboard; name = Base; path = Base.lproj/Main.storyboard; sourceTree = "<group>"; };
		0062A86B1888DE8E00677D7C /* ViewController.h */ = {isa = PBXFileReference; lastKnownFileType = sourcecode.c.h; path = ViewController.h; sourceTree = "<group>"; };
		0062A86C1888DE8E00677D7C /* ViewController.m */ = {isa = PBXFileReference; lastKnownFileType = sourcecode.c.objc; path = ViewController.m; sourceTree = "<group>"; };
		0062A86E1888DE8E00677D7C /* Images.xcassets */ = {isa = PBXFileReference; lastKnownFileType = folder.assetcatalog; path = Images.xcassets; sourceTree = "<group>"; };
		0062A8741888DE8E00677D7C /* TMapMarkerTests.xctest */ = {isa = PBXFileReference; explicitFileType = wrapper.cfbundle; includeInIndex = 0; path = TMapMarkerTests.xctest; sourceTree = BUILT_PRODUCTS_DIR; };
		0062A8751888DE8E00677D7C /* XCTest.framework */ = {isa = PBXFileReference; lastKnownFileType = wrapper.framework; name = XCTest.framework; path = Library/Frameworks/XCTest.framework; sourceTree = DEVELOPER_DIR; };
		0062A87D1888DE8E00677D7C /* TMapMarkerTests-Info.plist */ = {isa = PBXFileReference; lastKnownFileType = text.plist.xml; path = "TMapMarkerTests-Info.plist"; sourceTree = "<group>"; };
		0062A87F1888DE8E00677D7C /* en */ = {isa = PBXFileReference; lastKnownFileType = text.plist.strings; name = en; path = en.lproj/InfoPlist.strings; sourceTree = "<group>"; };
		0062A8811888DE8E00677D7C /* TMapMarkerTests.m */ = {isa = PBXFileReference; lastKnownFileType = sourcecode.c.objc; path = TMapMarkerTests.m; sourceTree = "<group>"; };
		0062A8C31888DF0900677D7C /* desktop.ini */ = {isa = PBXFileReference; fileEncoding = 4; lastKnownFileType = text; path = desktop.ini; sourceTree = "<group>"; };
		0062A8C51888DF0900677D7C /* BizCategory.h */ = {isa = PBXFileReference; fileEncoding = 4; lastKnownFileType = sourcecode.c.h; path = BizCategory.h; sourceTree = "<group>"; };
		0062A8C61888DF0900677D7C /* desktop.ini */ = {isa = PBXFileReference; fileEncoding = 4; lastKnownFileType = text; path = desktop.ini; sourceTree = "<group>"; };
		0062A8C71888DF0900677D7C /* TMap.h */ = {isa = PBXFileReference; fileEncoding = 4; lastKnownFileType = sourcecode.c.h; path = TMap.h; sourceTree = "<group>"; };
		0062A8C81888DF0900677D7C /* TMapAnnotation.h */ = {isa = PBXFileReference; fileEncoding = 4; lastKnownFileType = sourcecode.c.h; path = TMapAnnotation.h; sourceTree = "<group>"; };
		0062A8C91888DF0900677D7C /* TMapBaseView.h */ = {isa = PBXFileReference; fileEncoding = 4; lastKnownFileType = sourcecode.c.h; path = TMapBaseView.h; sourceTree = "<group>"; };
		0062A8CA1888DF0900677D7C /* TMapCircle.h */ = {isa = PBXFileReference; fileEncoding = 4; lastKnownFileType = sourcecode.c.h; path = TMapCircle.h; sourceTree = "<group>"; };
		0062A8CB1888DF0900677D7C /* TMapGpsManager.h */ = {isa = PBXFileReference; fileEncoding = 4; lastKnownFileType = sourcecode.c.h; path = TMapGpsManager.h; sourceTree = "<group>"; };
		0062A8CC1888DF0900677D7C /* TMapKatec.h */ = {isa = PBXFileReference; fileEncoding = 4; lastKnownFileType = sourcecode.c.h; path = TMapKatec.h; sourceTree = "<group>"; };
		0062A8CD1888DF0900677D7C /* TMapLayer.h */ = {isa = PBXFileReference; fileEncoding = 4; lastKnownFileType = sourcecode.c.h; path = TMapLayer.h; sourceTree = "<group>"; };
		0062A8CE1888DF0900677D7C /* TMapMarker.h */ = {isa = PBXFileReference; fileEncoding = 4; lastKnownFileType = sourcecode.c.h; path = TMapMarker.h; sourceTree = "<group>"; };
		0062A8CF1888DF0900677D7C /* TMapMarkerItem.h */ = {isa = PBXFileReference; fileEncoding = 4; lastKnownFileType = sourcecode.c.h; path = TMapMarkerItem.h; sourceTree = "<group>"; };
		0062A8D01888DF0900677D7C /* TMapMarkerItem2.h */ = {isa = PBXFileReference; fileEncoding = 4; lastKnownFileType = sourcecode.c.h; path = TMapMarkerItem2.h; sourceTree = "<group>"; };
		0062A8D11888DF0900677D7C /* TMapObject.h */ = {isa = PBXFileReference; fileEncoding = 4; lastKnownFileType = sourcecode.c.h; path = TMapObject.h; sourceTree = "<group>"; };
		0062A8D21888DF0900677D7C /* TMapPathData.h */ = {isa = PBXFileReference; fileEncoding = 4; lastKnownFileType = sourcecode.c.h; path = TMapPathData.h; sourceTree = "<group>"; };
		0062A8D31888DF0900677D7C /* TMapPOIItem.h */ = {isa = PBXFileReference; fileEncoding = 4; lastKnownFileType = sourcecode.c.h; path = TMapPOIItem.h; sourceTree = "<group>"; };
		0062A8D41888DF0900677D7C /* TMapPoint.h */ = {isa = PBXFileReference; fileEncoding = 4; lastKnownFileType = sourcecode.c.h; path = TMapPoint.h; sourceTree = "<group>"; };
		0062A8D51888DF0900677D7C /* TMapPolygon.h */ = {isa = PBXFileReference; fileEncoding = 4; lastKnownFileType = sourcecode.c.h; path = TMapPolygon.h; sourceTree = "<group>"; };
		0062A8D61888DF0900677D7C /* TMapPolyLine.h */ = {isa = PBXFileReference; fileEncoding = 4; lastKnownFileType = sourcecode.c.h; path = TMapPolyLine.h; sourceTree = "<group>"; };
		0062A8D71888DF0900677D7C /* TMapTapi.h */ = {isa = PBXFileReference; fileEncoding = 4; lastKnownFileType = sourcecode.c.h; path = TMapTapi.h; sourceTree = "<group>"; };
		0062A8D81888DF0900677D7C /* TMapType.h */ = {isa = PBXFileReference; fileEncoding = 4; lastKnownFileType = sourcecode.c.h; path = TMapType.h; sourceTree = "<group>"; };
		0062A8D91888DF0900677D7C /* TMapView.h */ = {isa = PBXFileReference; fileEncoding = 4; lastKnownFileType = sourcecode.c.h; path = TMapView.h; sourceTree = "<group>"; };
		0062A8DB1888DF0900677D7C /* desktop.ini */ = {isa = PBXFileReference; fileEncoding = 4; lastKnownFileType = text; path = desktop.ini; sourceTree = "<group>"; };
		0062A8DC1888DF0900677D7C /* HeadingAngleSmall.png */ = {isa = PBXFileReference; lastKnownFileType = image.png; path = HeadingAngleSmall.png; sourceTree = "<group>"; };
		0062A8DD1888DF0900677D7C /* HeadingAngleSmall@2x.png */ = {isa = PBXFileReference; lastKnownFileType = image.png; path = "HeadingAngleSmall@2x.png"; sourceTree = "<group>"; };
		0062A8DE1888DF0900677D7C /* icon_clustering.png */ = {isa = PBXFileReference; lastKnownFileType = image.png; path = icon_clustering.png; sourceTree = "<group>"; };
		0062A8DF1888DF0900677D7C /* icon_clustering@2x.png */ = {isa = PBXFileReference; lastKnownFileType = image.png; path = "icon_clustering@2x.png"; sourceTree = "<group>"; };
		0062A8E01888DF0900677D7C /* mapbg_tlogo.png */ = {isa = PBXFileReference; lastKnownFileType = image.png; path = mapbg_tlogo.png; sourceTree = "<group>"; };
		0062A8E11888DF0900677D7C /* mapbg_tlogo@2x.png */ = {isa = PBXFileReference; lastKnownFileType = image.png; path = "mapbg_tlogo@2x.png"; sourceTree = "<group>"; };
		0062A8E21888DF0900677D7C /* poweredby.png */ = {isa = PBXFileReference; lastKnownFileType = image.png; path = poweredby.png; sourceTree = "<group>"; };
		0062A8E31888DF0900677D7C /* poweredby@2x.png */ = {isa = PBXFileReference; lastKnownFileType = image.png; path = "poweredby@2x.png"; sourceTree = "<group>"; };
		0062A8E41888DF0900677D7C /* TrackingDot.png */ = {isa = PBXFileReference; lastKnownFileType = image.png; path = TrackingDot.png; sourceTree = "<group>"; };
		0062A8E51888DF0900677D7C /* TrackingDot@2x.png */ = {isa = PBXFileReference; lastKnownFileType = image.png; path = "TrackingDot@2x.png"; sourceTree = "<group>"; };
		0062A8E61888DF0900677D7C /* TrackingDotHalo.png */ = {isa = PBXFileReference; lastKnownFileType = image.png; path = TrackingDotHalo.png; sourceTree = "<group>"; };
		0062A8E71888DF0900677D7C /* TrackingDotHalo@2x.png */ = {isa = PBXFileReference; lastKnownFileType = image.png; path = "TrackingDotHalo@2x.png"; sourceTree = "<group>"; };
		0062A8E81888DF0900677D7C /* libskpMap_OP-iOS7.0.a */ = {isa = PBXFileReference; lastKnownFileType = archive.ar; path = "libskpMap_OP-iOS7.0.a"; sourceTree = "<group>"; };
		0062A8F91888E15100677D7C /* DetailViewController.h */ = {isa = PBXFileReference; fileEncoding = 4; lastKnownFileType = sourcecode.c.h; path = DetailViewController.h; sourceTree = "<group>"; };
		0062A8FA1888E15100677D7C /* DetailViewController.m */ = {isa = PBXFileReference; fileEncoding = 4; lastKnownFileType = sourcecode.c.objc; path = DetailViewController.m; sourceTree = "<group>"; };
		0062A8FC1888E25A00677D7C /* CoreLocation.framework */ = {isa = PBXFileReference; lastKnownFileType = wrapper.framework; name = CoreLocation.framework; path = System/Library/Frameworks/CoreLocation.framework; sourceTree = SDKROOT; };
		0062A8FE1888E26300677D7C /* QuartzCore.framework */ = {isa = PBXFileReference; lastKnownFileType = wrapper.framework; name = QuartzCore.framework; path = System/Library/Frameworks/QuartzCore.framework; sourceTree = SDKROOT; };
		0062A9001888E53D00677D7C /* point.png */ = {isa = PBXFileReference; lastKnownFileType = image.png; path = point.png; sourceTree = "<group>"; };
		0062A9011888E53D00677D7C /* right.png */ = {isa = PBXFileReference; lastKnownFileType = image.png; path = right.png; sourceTree = "<group>"; };
/* End PBXFileReference section */

/* Begin PBXFrameworksBuildPhase section */
		0062A8501888DE8E00677D7C /* Frameworks */ = {
			isa = PBXFrameworksBuildPhase;
			buildActionMask = 2147483647;
			files = (
				0062A8FF1888E26300677D7C /* QuartzCore.framework in Frameworks */,
				0062A8FD1888E25A00677D7C /* CoreLocation.framework in Frameworks */,
				0062A8591888DE8E00677D7C /* CoreGraphics.framework in Frameworks */,
				0062A85B1888DE8E00677D7C /* UIKit.framework in Frameworks */,
				0062A8571888DE8E00677D7C /* Foundation.framework in Frameworks */,
				0062A8F81888DF0900677D7C /* libskpMap_OP-iOS7.0.a in Frameworks */,
			);
			runOnlyForDeploymentPostprocessing = 0;
		};
		0062A8711888DE8E00677D7C /* Frameworks */ = {
			isa = PBXFrameworksBuildPhase;
			buildActionMask = 2147483647;
			files = (
				0062A8761888DE8E00677D7C /* XCTest.framework in Frameworks */,
				0062A8781888DE8E00677D7C /* UIKit.framework in Frameworks */,
				0062A8771888DE8E00677D7C /* Foundation.framework in Frameworks */,
			);
			runOnlyForDeploymentPostprocessing = 0;
		};
/* End PBXFrameworksBuildPhase section */

/* Begin PBXGroup section */
		0062A84A1888DE8E00677D7C = {
			isa = PBXGroup;
			children = (
				0062A85C1888DE8E00677D7C /* TMapMarker */,
				0062A87B1888DE8E00677D7C /* TMapMarkerTests */,
				0062A8551888DE8E00677D7C /* Frameworks */,
				0062A8541888DE8E00677D7C /* Products */,
			);
			sourceTree = "<group>";
		};
		0062A8541888DE8E00677D7C /* Products */ = {
			isa = PBXGroup;
			children = (
				0062A8531888DE8E00677D7C /* TMapMarker.app */,
				0062A8741888DE8E00677D7C /* TMapMarkerTests.xctest */,
			);
			name = Products;
			sourceTree = "<group>";
		};
		0062A8551888DE8E00677D7C /* Frameworks */ = {
			isa = PBXGroup;
			children = (
				0062A8FE1888E26300677D7C /* QuartzCore.framework */,
				0062A8FC1888E25A00677D7C /* CoreLocation.framework */,
				0062A8561888DE8E00677D7C /* Foundation.framework */,
				0062A8581888DE8E00677D7C /* CoreGraphics.framework */,
				0062A85A1888DE8E00677D7C /* UIKit.framework */,
				0062A8751888DE8E00677D7C /* XCTest.framework */,
			);
			name = Frameworks;
			sourceTree = "<group>";
		};
		0062A85C1888DE8E00677D7C /* TMapMarker */ = {
			isa = PBXGroup;
			children = (
				0062A8C21888DF0900677D7C /* lib */,
				0062A9001888E53D00677D7C /* point.png */,
				0062A9011888E53D00677D7C /* right.png */,
				0062A8651888DE8E00677D7C /* AppDelegate.h */,
				0062A8661888DE8E00677D7C /* AppDelegate.m */,
				0062A8681888DE8E00677D7C /* Main.storyboard */,
				0062A86B1888DE8E00677D7C /* ViewController.h */,
				0062A86C1888DE8E00677D7C /* ViewController.m */,
				0062A86E1888DE8E00677D7C /* Images.xcassets */,
				0062A85D1888DE8E00677D7C /* Supporting Files */,
				0062A8F91888E15100677D7C /* DetailViewController.h */,
				0062A8FA1888E15100677D7C /* DetailViewController.m */,
			);
			path = TMapMarker;
			sourceTree = "<group>";
		};
		0062A85D1888DE8E00677D7C /* Supporting Files */ = {
			isa = PBXGroup;
			children = (
				0062A85E1888DE8E00677D7C /* TMapMarker-Info.plist */,
				0062A85F1888DE8E00677D7C /* InfoPlist.strings */,
				0062A8621888DE8E00677D7C /* main.m */,
				0062A8641888DE8E00677D7C /* TMapMarker-Prefix.pch */,
			);
			name = "Supporting Files";
			sourceTree = "<group>";
		};
		0062A87B1888DE8E00677D7C /* TMapMarkerTests */ = {
			isa = PBXGroup;
			children = (
				0062A8811888DE8E00677D7C /* TMapMarkerTests.m */,
				0062A87C1888DE8E00677D7C /* Supporting Files */,
			);
			path = TMapMarkerTests;
			sourceTree = "<group>";
		};
		0062A87C1888DE8E00677D7C /* Supporting Files */ = {
			isa = PBXGroup;
			children = (
				0062A87D1888DE8E00677D7C /* TMapMarkerTests-Info.plist */,
				0062A87E1888DE8E00677D7C /* InfoPlist.strings */,
			);
			name = "Supporting Files";
			sourceTree = "<group>";
		};
		0062A8C21888DF0900677D7C /* lib */ = {
			isa = PBXGroup;
			children = (
				0062A8C31888DF0900677D7C /* desktop.ini */,
				0062A8C41888DF0900677D7C /* Headers */,
				0062A8DA1888DF0900677D7C /* Images */,
				0062A8E81888DF0900677D7C /* libskpMap_OP-iOS7.0.a */,
			);
			path = lib;
			sourceTree = "<group>";
		};
		0062A8C41888DF0900677D7C /* Headers */ = {
			isa = PBXGroup;
			children = (
				0062A8C51888DF0900677D7C /* BizCategory.h */,
				0062A8C61888DF0900677D7C /* desktop.ini */,
				0062A8C71888DF0900677D7C /* TMap.h */,
				0062A8C81888DF0900677D7C /* TMapAnnotation.h */,
				0062A8C91888DF0900677D7C /* TMapBaseView.h */,
				0062A8CA1888DF0900677D7C /* TMapCircle.h */,
				0062A8CB1888DF0900677D7C /* TMapGpsManager.h */,
				0062A8CC1888DF0900677D7C /* TMapKatec.h */,
				0062A8CD1888DF0900677D7C /* TMapLayer.h */,
				0062A8CE1888DF0900677D7C /* TMapMarker.h */,
				0062A8CF1888DF0900677D7C /* TMapMarkerItem.h */,
				0062A8D01888DF0900677D7C /* TMapMarkerItem2.h */,
				0062A8D11888DF0900677D7C /* TMapObject.h */,
				0062A8D21888DF0900677D7C /* TMapPathData.h */,
				0062A8D31888DF0900677D7C /* TMapPOIItem.h */,
				0062A8D41888DF0900677D7C /* TMapPoint.h */,
				0062A8D51888DF0900677D7C /* TMapPolygon.h */,
				0062A8D61888DF0900677D7C /* TMapPolyLine.h */,
				0062A8D71888DF0900677D7C /* TMapTapi.h */,
				0062A8D81888DF0900677D7C /* TMapType.h */,
				0062A8D91888DF0900677D7C /* TMapView.h */,
			);
			path = Headers;
			sourceTree = "<group>";
		};
		0062A8DA1888DF0900677D7C /* Images */ = {
			isa = PBXGroup;
			children = (
				0062A8DB1888DF0900677D7C /* desktop.ini */,
				0062A8DC1888DF0900677D7C /* HeadingAngleSmall.png */,
				0062A8DD1888DF0900677D7C /* HeadingAngleSmall@2x.png */,
				0062A8DE1888DF0900677D7C /* icon_clustering.png */,
				0062A8DF1888DF0900677D7C /* icon_clustering@2x.png */,
				0062A8E01888DF0900677D7C /* mapbg_tlogo.png */,
				0062A8E11888DF0900677D7C /* mapbg_tlogo@2x.png */,
				0062A8E21888DF0900677D7C /* poweredby.png */,
				0062A8E31888DF0900677D7C /* poweredby@2x.png */,
				0062A8E41888DF0900677D7C /* TrackingDot.png */,
				0062A8E51888DF0900677D7C /* TrackingDot@2x.png */,
				0062A8E61888DF0900677D7C /* TrackingDotHalo.png */,
				0062A8E71888DF0900677D7C /* TrackingDotHalo@2x.png */,
			);
			path = Images;
			sourceTree = "<group>";
		};
/* End PBXGroup section */

/* Begin PBXNativeTarget section */
		0062A8521888DE8E00677D7C /* TMapMarker */ = {
			isa = PBXNativeTarget;
			buildConfigurationList = 0062A8851888DE8E00677D7C /* Build configuration list for PBXNativeTarget "TMapMarker" */;
			buildPhases = (
				0062A84F1888DE8E00677D7C /* Sources */,
				0062A8501888DE8E00677D7C /* Frameworks */,
				0062A8511888DE8E00677D7C /* Resources */,
			);
			buildRules = (
			);
			dependencies = (
			);
			name = TMapMarker;
			productName = TMapMarker;
			productReference = 0062A8531888DE8E00677D7C /* TMapMarker.app */;
			productType = "com.apple.product-type.application";
		};
		0062A8731888DE8E00677D7C /* TMapMarkerTests */ = {
			isa = PBXNativeTarget;
			buildConfigurationList = 0062A8881888DE8E00677D7C /* Build configuration list for PBXNativeTarget "TMapMarkerTests" */;
			buildPhases = (
				0062A8701888DE8E00677D7C /* Sources */,
				0062A8711888DE8E00677D7C /* Frameworks */,
				0062A8721888DE8E00677D7C /* Resources */,
			);
			buildRules = (
			);
			dependencies = (
				0062A87A1888DE8E00677D7C /* PBXTargetDependency */,
			);
			name = TMapMarkerTests;
			productName = TMapMarkerTests;
			productReference = 0062A8741888DE8E00677D7C /* TMapMarkerTests.xctest */;
			productType = "com.apple.product-type.bundle.unit-test";
		};
/* End PBXNativeTarget section */

/* Begin PBXProject section */
		0062A84B1888DE8E00677D7C /* Project object */ = {
			isa = PBXProject;
			attributes = {
				LastUpgradeCheck = 0500;
				ORGANIZATIONNAME = "SDT-1";
				TargetAttributes = {
					0062A8731888DE8E00677D7C = {
						TestTargetID = 0062A8521888DE8E00677D7C;
					};
				};
			};
			buildConfigurationList = 0062A84E1888DE8E00677D7C /* Build configuration list for PBXProject "TMapMarker" */;
			compatibilityVersion = "Xcode 3.2";
			developmentRegion = English;
			hasScannedForEncodings = 0;
			knownRegions = (
				en,
				Base,
			);
			mainGroup = 0062A84A1888DE8E00677D7C;
			productRefGroup = 0062A8541888DE8E00677D7C /* Products */;
			projectDirPath = "";
			projectRoot = "";
			targets = (
				0062A8521888DE8E00677D7C /* TMapMarker */,
				0062A8731888DE8E00677D7C /* TMapMarkerTests */,
			);
		};
/* End PBXProject section */

/* Begin PBXResourcesBuildPhase section */
		0062A8511888DE8E00677D7C /* Resources */ = {
			isa = PBXResourcesBuildPhase;
			buildActionMask = 2147483647;
			files = (
				0062A8F11888DF0900677D7C /* mapbg_tlogo@2x.png in Resources */,
				0062A8F71888DF0900677D7C /* TrackingDotHalo@2x.png in Resources */,
				0062A8EC1888DF0900677D7C /* HeadingAngleSmall.png in Resources */,
				0062A8F61888DF0900677D7C /* TrackingDotHalo.png in Resources */,
				0062A8ED1888DF0900677D7C /* HeadingAngleSmall@2x.png in Resources */,
				0062A8F21888DF0900677D7C /* poweredby.png in Resources */,
				0062A8EE1888DF0900677D7C /* icon_clustering.png in Resources */,
				0062A8F31888DF0900677D7C /* poweredby@2x.png in Resources */,
				0062A86F1888DE8E00677D7C /* Images.xcassets in Resources */,
				0062A8611888DE8E00677D7C /* InfoPlist.strings in Resources */,
				0062A9031888E53D00677D7C /* right.png in Resources */,
				0062A8E91888DF0900677D7C /* desktop.ini in Resources */,
				0062A8F51888DF0900677D7C /* TrackingDot@2x.png in Resources */,
				0062A8EF1888DF0900677D7C /* icon_clustering@2x.png in Resources */,
				0062A9021888E53D00677D7C /* point.png in Resources */,
				0062A8EB1888DF0900677D7C /* desktop.ini in Resources */,
				0062A8EA1888DF0900677D7C /* desktop.ini in Resources */,
				0062A8F41888DF0900677D7C /* TrackingDot.png in Resources */,
				0062A8F01888DF0900677D7C /* mapbg_tlogo.png in Resources */,
				0062A86A1888DE8E00677D7C /* Main.storyboard in Resources */,
			);
			runOnlyForDeploymentPostprocessing = 0;
		};
		0062A8721888DE8E00677D7C /* Resources */ = {
			isa = PBXResourcesBuildPhase;
			buildActionMask = 2147483647;
			files = (
				0062A8801888DE8E00677D7C /* InfoPlist.strings in Resources */,
			);
			runOnlyForDeploymentPostprocessing = 0;
		};
/* End PBXResourcesBuildPhase section */

/* Begin PBXSourcesBuildPhase section */
		0062A84F1888DE8E00677D7C /* Sources */ = {
			isa = PBXSourcesBuildPhase;
			buildActionMask = 2147483647;
			files = (
				0062A86D1888DE8E00677D7C /* ViewController.m in Sources */,
				0062A8671888DE8E00677D7C /* AppDelegate.m in Sources */,
				0062A8631888DE8E00677D7C /* main.m in Sources */,
				0062A8FB1888E15100677D7C /* DetailViewController.m in Sources */,
			);
			runOnlyForDeploymentPostprocessing = 0;
		};
		0062A8701888DE8E00677D7C /* Sources */ = {
			isa = PBXSourcesBuildPhase;
			buildActionMask = 2147483647;
			files = (
				0062A8821888DE8E00677D7C /* TMapMarkerTests.m in Sources */,
			);
			runOnlyForDeploymentPostprocessing = 0;
		};
/* End PBXSourcesBuildPhase section */

/* Begin PBXTargetDependency section */
		0062A87A1888DE8E00677D7C /* PBXTargetDependency */ = {
			isa = PBXTargetDependency;
			target = 0062A8521888DE8E00677D7C /* TMapMarker */;
			targetProxy = 0062A8791888DE8E00677D7C /* PBXContainerItemProxy */;
		};
/* End PBXTargetDependency section */

/* Begin PBXVariantGroup section */
		0062A85F1888DE8E00677D7C /* InfoPlist.strings */ = {
			isa = PBXVariantGroup;
			children = (
				0062A8601888DE8E00677D7C /* en */,
			);
			name = InfoPlist.strings;
			sourceTree = "<group>";
		};
		0062A8681888DE8E00677D7C /* Main.storyboard */ = {
			isa = PBXVariantGroup;
			children = (
				0062A8691888DE8E00677D7C /* Base */,
			);
			name = Main.storyboard;
			sourceTree = "<group>";
		};
		0062A87E1888DE8E00677D7C /* InfoPlist.strings */ = {
			isa = PBXVariantGroup;
			children = (
				0062A87F1888DE8E00677D7C /* en */,
			);
			name = InfoPlist.strings;
			sourceTree = "<group>";
		};
/* End PBXVariantGroup section */

/* Begin XCBuildConfiguration section */
		0062A8831888DE8E00677D7C /* Debug */ = {
			isa = XCBuildConfiguration;
			buildSettings = {
				ALWAYS_SEARCH_USER_PATHS = NO;
				ARCHS = "$(ARCHS_STANDARD_INCLUDING_64_BIT)";
				CLANG_CXX_LANGUAGE_STANDARD = "gnu++0x";
				CLANG_CXX_LIBRARY = "libc++";
				CLANG_ENABLE_MODULES = YES;
				CLANG_ENABLE_OBJC_ARC = YES;
				CLANG_WARN_BOOL_CONVERSION = YES;
				CLANG_WARN_CONSTANT_CONVERSION = YES;
				CLANG_WARN_DIRECT_OBJC_ISA_USAGE = YES_ERROR;
				CLANG_WARN_EMPTY_BODY = YES;
				CLANG_WARN_ENUM_CONVERSION = YES;
				CLANG_WARN_INT_CONVERSION = YES;
				CLANG_WARN_OBJC_ROOT_CLASS = YES_ERROR;
				CLANG_WARN__DUPLICATE_METHOD_MATCH = YES;
				"CODE_SIGN_IDENTITY[sdk=iphoneos*]" = "iPhone Developer";
				COPY_PHASE_STRIP = NO;
				GCC_C_LANGUAGE_STANDARD = gnu99;
				GCC_DYNAMIC_NO_PIC = NO;
				GCC_OPTIMIZATION_LEVEL = 0;
				GCC_PREPROCESSOR_DEFINITIONS = (
					"DEBUG=1",
					"$(inherited)",
				);
				GCC_SYMBOLS_PRIVATE_EXTERN = NO;
				GCC_WARN_64_TO_32_BIT_CONVERSION = YES;
				GCC_WARN_ABOUT_RETURN_TYPE = YES_ERROR;
				GCC_WARN_UNDECLARED_SELECTOR = YES;
				GCC_WARN_UNINITIALIZED_AUTOS = YES;
				GCC_WARN_UNUSED_FUNCTION = YES;
				GCC_WARN_UNUSED_VARIABLE = YES;
				IPHONEOS_DEPLOYMENT_TARGET = 7.0;
				ONLY_ACTIVE_ARCH = YES;
				SDKROOT = iphoneos;
			};
			name = Debug;
		};
		0062A8841888DE8E00677D7C /* Release */ = {
			isa = XCBuildConfiguration;
			buildSettings = {
				ALWAYS_SEARCH_USER_PATHS = NO;
				ARCHS = "$(ARCHS_STANDARD_INCLUDING_64_BIT)";
				CLANG_CXX_LANGUAGE_STANDARD = "gnu++0x";
				CLANG_CXX_LIBRARY = "libc++";
				CLANG_ENABLE_MODULES = YES;
				CLANG_ENABLE_OBJC_ARC = YES;
				CLANG_WARN_BOOL_CONVERSION = YES;
				CLANG_WARN_CONSTANT_CONVERSION = YES;
				CLANG_WARN_DIRECT_OBJC_ISA_USAGE = YES_ERROR;
				CLANG_WARN_EMPTY_BODY = YES;
				CLANG_WARN_ENUM_CONVERSION = YES;
				CLANG_WARN_INT_CONVERSION = YES;
				CLANG_WARN_OBJC_ROOT_CLASS = YES_ERROR;
				CLANG_WARN__DUPLICATE_METHOD_MATCH = YES;
				"CODE_SIGN_IDENTITY[sdk=iphoneos*]" = "iPhone Developer";
				COPY_PHASE_STRIP = YES;
				ENABLE_NS_ASSERTIONS = NO;
				GCC_C_LANGUAGE_STANDARD = gnu99;
				GCC_WARN_64_TO_32_BIT_CONVERSION = YES;
				GCC_WARN_ABOUT_RETURN_TYPE = YES_ERROR;
				GCC_WARN_UNDECLARED_SELECTOR = YES;
				GCC_WARN_UNINITIALIZED_AUTOS = YES;
				GCC_WARN_UNUSED_FUNCTION = YES;
				GCC_WARN_UNUSED_VARIABLE = YES;
				IPHONEOS_DEPLOYMENT_TARGET = 7.0;
				SDKROOT = iphoneos;
				VALIDATE_PRODUCT = YES;
			};
			name = Release;
		};
		0062A8861888DE8E00677D7C /* Debug */ = {
			isa = XCBuildConfiguration;
			buildSettings = {
				ASSETCATALOG_COMPILER_APPICON_NAME = AppIcon;
				ASSETCATALOG_COMPILER_LAUNCHIMAGE_NAME = LaunchImage;
				GCC_PRECOMPILE_PREFIX_HEADER = YES;
				GCC_PREFIX_HEADER = "TMapMarker/TMapMarker-Prefix.pch";
				HEADER_SEARCH_PATHS = (
					"$(inherited)",
					/Applications/Xcode.app/Contents/Developer/Toolchains/XcodeDefault.xctoolchain/usr/include,
					"/Users/sdt-1/Documents/Projects02/TMapMarker/TMapMarker/lib",
				);
				INFOPLIST_FILE = "TMapMarker/TMapMarker-Info.plist";
				LIBRARY_SEARCH_PATHS = (
					"$(inherited)",
					"/Users/sdt-1/Downloads/[iOS]TmapSDK_배포압축용_1.0.12/lib",
					"/Users/sdt-1/Documents/Projects02/TMapMarker/TMapMarker/lib",
				);
				PRODUCT_NAME = "$(TARGET_NAME)";
				WRAPPER_EXTENSION = app;
			};
			name = Debug;
		};
		0062A8871888DE8E00677D7C /* Release */ = {
			isa = XCBuildConfiguration;
			buildSettings = {
				ASSETCATALOG_COMPILER_APPICON_NAME = AppIcon;
				ASSETCATALOG_COMPILER_LAUNCHIMAGE_NAME = LaunchImage;
				GCC_PRECOMPILE_PREFIX_HEADER = YES;
				GCC_PREFIX_HEADER = "TMapMarker/TMapMarker-Prefix.pch";
				HEADER_SEARCH_PATHS = (
					"$(inherited)",
					/Applications/Xcode.app/Contents/Developer/Toolchains/XcodeDefault.xctoolchain/usr/include,
					"/Users/sdt-1/Documents/Projects02/TMapMarker/TMapMarker/lib",
				);
				INFOPLIST_FILE = "TMapMarker/TMapMarker-Info.plist";
				LIBRARY_SEARCH_PATHS = (
					"$(inherited)",
					"/Users/sdt-1/Downloads/[iOS]TmapSDK_배포압축용_1.0.12/lib",
					"/Users/sdt-1/Documents/Projects02/TMapMarker/TMapMarker/lib",
				);
				PRODUCT_NAME = "$(TARGET_NAME)";
				WRAPPER_EXTENSION = app;
			};
			name = Release;
		};
		0062A8891888DE8E00677D7C /* Debug */ = {
			isa = XCBuildConfiguration;
			buildSettings = {
				ARCHS = "$(ARCHS_STANDARD_INCLUDING_64_BIT)";
				BUNDLE_LOADER = "$(BUILT_PRODUCTS_DIR)/TMapMarker.app/TMapMarker";
				FRAMEWORK_SEARCH_PATHS = (
					"$(SDKROOT)/Developer/Library/Frameworks",
					"$(inherited)",
					"$(DEVELOPER_FRAMEWORKS_DIR)",
				);
				GCC_PRECOMPILE_PREFIX_HEADER = YES;
				GCC_PREFIX_HEADER = "TMapMarker/TMapMarker-Prefix.pch";
				GCC_PREPROCESSOR_DEFINITIONS = (
					"DEBUG=1",
					"$(inherited)",
				);
				INFOPLIST_FILE = "TMapMarkerTests/TMapMarkerTests-Info.plist";
				PRODUCT_NAME = "$(TARGET_NAME)";
				TEST_HOST = "$(BUNDLE_LOADER)";
				WRAPPER_EXTENSION = xctest;
			};
			name = Debug;
		};
		0062A88A1888DE8E00677D7C /* Release */ = {
			isa = XCBuildConfiguration;
			buildSettings = {
				ARCHS = "$(ARCHS_STANDARD_INCLUDING_64_BIT)";
				BUNDLE_LOADER = "$(BUILT_PRODUCTS_DIR)/TMapMarker.app/TMapMarker";
				FRAMEWORK_SEARCH_PATHS = (
					"$(SDKROOT)/Developer/Library/Frameworks",
					"$(inherited)",
					"$(DEVELOPER_FRAMEWORKS_DIR)",
				);
				GCC_PRECOMPILE_PREFIX_HEADER = YES;
				GCC_PREFIX_HEADER = "TMapMarker/TMapMarker-Prefix.pch";
				INFOPLIST_FILE = "TMapMarkerTests/TMapMarkerTests-Info.plist";
				PRODUCT_NAME = "$(TARGET_NAME)";
				TEST_HOST = "$(BUNDLE_LOADER)";
				WRAPPER_EXTENSION = xctest;
			};
			name = Release;
		};
/* End XCBuildConfiguration section */

/* Begin XCConfigurationList section */
		0062A84E1888DE8E00677D7C /* Build configuration list for PBXProject "TMapMarker" */ = {
			isa = XCConfigurationList;
			buildConfigurations = (
				0062A8831888DE8E00677D7C /* Debug */,
				0062A8841888DE8E00677D7C /* Release */,
			);
			defaultConfigurationIsVisible = 0;
			defaultConfigurationName = Release;
		};
		0062A8851888DE8E00677D7C /* Build configuration list for PBXNativeTarget "TMapMarker" */ = {
			isa = XCConfigurationList;
			buildConfigurations = (
				0062A8861888DE8E00677D7C /* Debug */,
				0062A8871888DE8E00677D7C /* Release */,
			);
			defaultConfigurationIsVisible = 0;
		};
		0062A8881888DE8E00677D7C /* Build configuration list for PBXNativeTarget "TMapMarkerTests" */ = {
			isa = XCConfigurationList;
			buildConfigurations = (
				0062A8891888DE8E00677D7C /* Debug */,
				0062A88A1888DE8E00677D7C /* Release */,
			);
			defaultConfigurationIsVisible = 0;
		};
/* End XCConfigurationList section */
	};
	rootObject = 0062A84B1888DE8E00677D7C /* Project object */;
}
